
Microsoft Visual Studio Solution File, Format Version 12.00
# Visual Studio Version 17
VisualStudioVersion = 17.7.34031.279
MinimumVisualStudioVersion = 10.0.40219.1
Project("{FAE04EC0-301F-11D3-BF4B-00C04F79EFBC}") = "Exam06", "Exam06\Exam06.csproj", "{4CAB4C7D-A630-4599-8C03-AEBE68D269DA}"
EndProject
Global
	GlobalSection(SolutionConfigurationPlatforms) = preSolution
		Debug|Any CPU = Debug|Any CPU
		Release|Any CPU = Release|Any CPU
	EndGlobalSection
	GlobalSection(ProjectConfigurationPlatforms) = postSolution
		{4CAB4C7D-A630-4599-8C03-AEBE68D269DA}.Debug|Any CPU.ActiveCfg = Debug|Any CPU
		{4CAB4C7D-A630-4599-8C03-AEBE68D269DA}.Debug|Any CPU.Build.0 = Debug|Any CPU
		{4CAB4C7D-A630-4599-8C03-AEBE68D269DA}.Release|Any CPU.ActiveCfg = Release|Any CPU
		{4CAB4C7D-A630-4599-8C03-AEBE68D269DA}.Release|Any CPU.Build.0 = Release|Any CPU
	EndGlobalSection
	GlobalSection(SolutionProperties) = preSolution
		HideSolutionNode = FALSE
	EndGlobalSection
	GlobalSection(ExtensibilityGlobals) = postSolution
		SolutionGuid = {B026D6F1-24C2-44A3-93D4-2B00C5E2D122}
	EndGlobalSection
EndGlobal
